{
  "name": "jumbo-core",
  "version": "0.2.11",
  "lockfileVersion": 1,
  "requires": true,
  "dependencies": {
    "@types/node": {
      "version": "8.9.4",
      "resolved": "https://registry.npmjs.org/@types/node/-/node-8.9.4.tgz",
      "integrity": "sha512-dSvD36qnQs78G1BPsrZFdPpvLgMW/dnvr5+nTW2csMs5TiP9MOXrjUbnMZOEwnIuBklXtn7b6TPA2Cuq07bDHA==",
      "dev": true
    },
    "formidable": {
      "version": "1.1.1",
      "resolved": "https://registry.npmjs.org/formidable/-/formidable-1.1.1.tgz",
      "integrity": "sha1-lriIb3w8NQi5Mta9cMTTqI818ak="
    },
    "typescript": {
      "version": "2.7.2",
      "resolved": "https://registry.npmjs.org/typescript/-/typescript-2.7.2.tgz",
      "integrity": "sha512-p5TCYZDAO0m4G344hD+wx/LATebLWZNkkh2asWUFqSsD2OrDNhbAHuSjobrmsUmdzjJjEeZVU9g1h3O6vpstnw==",
      "dev": true
    },
    "uuid": {
      "version": "3.2.1",
      "resolved": "https://registry.npmjs.org/uuid/-/uuid-3.2.1.tgz",
      "integrity": "sha512-jZnMwlb9Iku/O3smGWvZhauCf6cvvpKi4BKRiliS3cxnI+Gz9j5MEpTz2UFuXiKPJocb7gnsLHwiS05ige5BEA=="
    }
  }
}
